
Microsoft Visual Studio Solution File, Format Version 12.00
# Visual Studio 2012
Project("{FAE04EC0-301F-11D3-BF4B-00C04F79EFBC}") = "IOCAbstraction", "IOCAbstraction.csproj", "{882C0863-96F2-43C1-90DE-DFC45F24EFAF}"
EndProject
Global
	GlobalSection(SolutionConfigurationPlatforms) = preSolution
		Debug|Any CPU = Debug|Any CPU
		Release|Any CPU = Release|Any CPU
	EndGlobalSection
	GlobalSection(ProjectConfigurationPlatforms) = postSolution
		{882C0863-96F2-43C1-90DE-DFC45F24EFAF}.Debug|Any CPU.ActiveCfg = Debug|Any CPU
		{882C0863-96F2-43C1-90DE-DFC45F24EFAF}.Debug|Any CPU.Build.0 = Debug|Any CPU
		{882C0863-96F2-43C1-90DE-DFC45F24EFAF}.Release|Any CPU.ActiveCfg = Release|Any CPU
		{882C0863-96F2-43C1-90DE-DFC45F24EFAF}.Release|Any CPU.Build.0 = Release|Any CPU
	EndGlobalSection
	GlobalSection(SolutionProperties) = preSolution
		HideSolutionNode = FALSE
	EndGlobalSection
EndGlobal
